
Microsoft Visual Studio Solution File, Format Version 12.00
# Visual Studio Version 17
VisualStudioVersion = 17.10.35013.160
MinimumVisualStudioVersion = 10.0.40219.1
Project("{FAE04EC0-301F-11D3-BF4B-00C04F79EFBC}") = "HW30.01", "HW30.01\HW30.01.csproj", "{3620D8BF-47AC-4E92-9C5E-EB636176ADB7}"
EndProject
Global
	GlobalSection(SolutionConfigurationPlatforms) = preSolution
		Debug|Any CPU = Debug|Any CPU
		Release|Any CPU = Release|Any CPU
	EndGlobalSection
	GlobalSection(ProjectConfigurationPlatforms) = postSolution
		{3620D8BF-47AC-4E92-9C5E-EB636176ADB7}.Debug|Any CPU.ActiveCfg = Debug|Any CPU
		{3620D8BF-47AC-4E92-9C5E-EB636176ADB7}.Debug|Any CPU.Build.0 = Debug|Any CPU
		{3620D8BF-47AC-4E92-9C5E-EB636176ADB7}.Release|Any CPU.ActiveCfg = Release|Any CPU
		{3620D8BF-47AC-4E92-9C5E-EB636176ADB7}.Release|Any CPU.Build.0 = Release|Any CPU
	EndGlobalSection
	GlobalSection(SolutionProperties) = preSolution
		HideSolutionNode = FALSE
	EndGlobalSection
	GlobalSection(ExtensibilityGlobals) = postSolution
		SolutionGuid = {EBF11710-E6FB-45F2-8138-6A023570FA07}
	EndGlobalSection
EndGlobal
